{
  "name": "slick-carousel",
  "version": "1.8.1",
  "lockfileVersion": 3,
  "requires": true,
  "packages": {
    "": {
      "name": "slick-carousel",
      "version": "1.8.1",
      "license": "MIT",
      "dependencies": {
        "slick-carousel": "file:"
      },
      "peerDependencies": {
        "jquery": ">=1.8.0"
      }
    },
    "node_modules/slick-carousel": {
      "resolved": "",
      "link": true
    }
  }
}
